[[package]]
name = "mysql-connector-python"
version = "8.0.33"
description = "MySQL driver written in Python"
category = "main"
optional = false
python-versions = "*"

[package.dependencies]
protobuf = ">=3.11.0,<=3.20.3"

[package.extras]
compression = ["lz4 (>=2.1.6,<=4.3.2)", "zstandard (>=0.12.0,<=0.19.0)"]
dns-srv = ["dnspython (>=1.16.0,<=2.3.0)"]
gssapi = ["gssapi (>=1.6.9,<=1.8.2)"]

[[package]]
name = "protobuf"
version = "3.20.3"
description = "Protocol Buffers"
category = "main"
optional = false
python-versions = ">=3.7"

[metadata]
lock-version = "1.1"
python-versions = "^3.10"
content-hash = "f835312af79d8ef99603172c2287fce5917456baa8a5680c33c80bfbbe745a86"

[metadata.files]
mysql-connector-python = []
protobuf = []
